
Microsoft Visual Studio Solution File, Format Version 12.00
# Visual Studio Version 17
VisualStudioVersion = 17.0.31903.59
MinimumVisualStudioVersion = 10.0.40219.1
Project("{2150E333-8FDC-42A3-9474-1A3956D46DE8}") = "src", "src", "{ACEAF987-769F-4821-877C-AB0580F265DB}"
EndProject
Project("{2150E333-8FDC-42A3-9474-1A3956D46DE8}") = "BuildingBlocks", "BuildingBlocks", "{116B21B8-2E5B-403D-AF2A-B7C5A3699ACB}"
EndProject
Project("{FAE04EC0-301F-11D3-BF4B-00C04F79EFBC}") = "Acmp.Shared", "src\BuildingBlocks\Acmp.Shared\Acmp.Shared.csproj", "{9AFF7A98-692F-4D72-BEF2-9B6B29A91485}"
EndProject
Project("{2150E333-8FDC-42A3-9474-1A3956D46DE8}") = "Modules", "Modules", "{F7D11363-72BC-4081-96DA-6DD9C65235F2}"
EndProject
Project("{2150E333-8FDC-42A3-9474-1A3956D46DE8}") = "Membership", "Membership", "{045C26C7-D57D-4B1F-9B85-67FEE263E7BE}"
EndProject
Project("{FAE04EC0-301F-11D3-BF4B-00C04F79EFBC}") = "Acmp.Modules.Membership.Domain", "src\Modules\Membership\Membership.Domain\Acmp.Modules.Membership.Domain.csproj", "{84C750E3-F08A-4CAE-AF29-FAB6A1EEF674}"
EndProject
Project("{FAE04EC0-301F-11D3-BF4B-00C04F79EFBC}") = "Acmp.Modules.Membership.Application", "src\Modules\Membership\Membership.Application\Acmp.Modules.Membership.Application.csproj", "{C6CF0F6C-92D0-4134-A16D-CB69BC22E7FD}"
EndProject
Project("{FAE04EC0-301F-11D3-BF4B-00C04F79EFBC}") = "Acmp.Modules.Membership.Infrastructure", "src\Modules\Membership\Membership.Infrastructure\Acmp.Modules.Membership.Infrastructure.csproj", "{4077CEC8-3508-45F5-9C73-7A8C8D3B4063}"
EndProject
Project("{FAE04EC0-301F-11D3-BF4B-00C04F79EFBC}") = "Acmp.Api", "src\Acmp.Api\Acmp.Api.csproj", "{01F1B07C-2231-4004-923F-D0D7E809BD2B}"
EndProject
Project("{2150E333-8FDC-42A3-9474-1A3956D46DE8}") = "tests", "tests", "{A72BA724-561E-455A-ACEB-006695114CE9}"
EndProject
Project("{FAE04EC0-301F-11D3-BF4B-00C04F79EFBC}") = "Acmp.Architecture.Tests", "tests\Acmp.Architecture.Tests\Acmp.Architecture.Tests.csproj", "{BD87EC29-B2F1-4090-B064-D9A7335DDA87}"
EndProject
Project("{FAE04EC0-301F-11D3-BF4B-00C04F79EFBC}") = "Acmp.Domain.Tests", "tests\Acmp.Domain.Tests\Acmp.Domain.Tests.csproj", "{C6890332-F3F4-4C17-B95F-E6687A53DEC6}"
EndProject
Project("{FAE04EC0-301F-11D3-BF4B-00C04F79EFBC}") = "Acmp.Application.Tests", "tests\Acmp.Application.Tests\Acmp.Application.Tests.csproj", "{E3A1E9BC-9AF8-4EC9-80A5-A0382E1BA89E}"
EndProject
Project("{FAE04EC0-301F-11D3-BF4B-00C04F79EFBC}") = "Acmp.Api.Tests", "tests\Acmp.Api.Tests\Acmp.Api.Tests.csproj", "{C0345F91-C3BF-438B-84DF-D89301C3BDD2}"
EndProject
Project("{2150E333-8FDC-42A3-9474-1A3956D46DE8}") = "Topics", "Topics", "{7084FE80-F287-4D0E-A463-E79E993505EB}"
EndProject
Project("{FAE04EC0-301F-11D3-BF4B-00C04F79EFBC}") = "Acmp.Modules.Topics.Domain", "src\Modules\Topics\Topics.Domain\Acmp.Modules.Topics.Domain.csproj", "{EA3CE713-18C8-49CA-ACFA-05D538BECDD3}"
EndProject
Project("{FAE04EC0-301F-11D3-BF4B-00C04F79EFBC}") = "Acmp.Modules.Topics.Application", "src\Modules\Topics\Topics.Application\Acmp.Modules.Topics.Application.csproj", "{149E8897-281F-494E-92F2-689D49A4A5F1}"
EndProject
Project("{FAE04EC0-301F-11D3-BF4B-00C04F79EFBC}") = "Acmp.Modules.Topics.Infrastructure", "src\Modules\Topics\Topics.Infrastructure\Acmp.Modules.Topics.Infrastructure.csproj", "{B0C879BF-0F4C-4172-BE5B-2FEBBDE2E0F9}"
EndProject
Project("{2150E333-8FDC-42A3-9474-1A3956D46DE8}") = "Meetings", "Meetings", "{32623C58-DEB3-4BF3-AF49-9D5A2891E9A2}"
EndProject
Project("{FAE04EC0-301F-11D3-BF4B-00C04F79EFBC}") = "Acmp.Modules.Meetings.Domain", "src\Modules\Meetings\Meetings.Domain\Acmp.Modules.Meetings.Domain.csproj", "{D8F99133-E31E-49A8-B5D7-B44A8F9E2377}"
EndProject
Project("{FAE04EC0-301F-11D3-BF4B-00C04F79EFBC}") = "Acmp.Modules.Meetings.Application", "src\Modules\Meetings\Meetings.Application\Acmp.Modules.Meetings.Application.csproj", "{9BEADA1C-BD79-4BFF-9E12-C41B77993482}"
EndProject
Project("{FAE04EC0-301F-11D3-BF4B-00C04F79EFBC}") = "Acmp.Modules.Meetings.Infrastructure", "src\Modules\Meetings\Meetings.Infrastructure\Acmp.Modules.Meetings.Infrastructure.csproj", "{7EDBC87C-8916-49DC-A12D-4589A1E293C0}"
EndProject
Project("{2150E333-8FDC-42A3-9474-1A3956D46DE8}") = "Notifications", "Notifications", "{AE1ADAC5-5B75-4289-BAB2-853C560FE196}"
EndProject
Project("{FAE04EC0-301F-11D3-BF4B-00C04F79EFBC}") = "Acmp.Modules.Notifications.Domain", "src\Modules\Notifications\Notifications.Domain\Acmp.Modules.Notifications.Domain.csproj", "{4C509B82-A017-468A-9F73-32F6D9BDBB10}"
EndProject
Project("{FAE04EC0-301F-11D3-BF4B-00C04F79EFBC}") = "Acmp.Modules.Notifications.Application", "src\Modules\Notifications\Notifications.Application\Acmp.Modules.Notifications.Application.csproj", "{12E55560-EE6C-4D89-8AD7-FFA5847D4AF4}"
EndProject
Project("{FAE04EC0-301F-11D3-BF4B-00C04F79EFBC}") = "Acmp.Modules.Notifications.Infrastructure", "src\Modules\Notifications\Notifications.Infrastructure\Acmp.Modules.Notifications.Infrastructure.csproj", "{CFD9DDE6-EC48-4EA6-82A6-32F27C1D91E8}"
EndProject
Project("{FAE04EC0-301F-11D3-BF4B-00C04F79EFBC}") = "Acmp.Integration.Tests", "tests\Acmp.Integration.Tests\Acmp.Integration.Tests.csproj", "{2EE6C7E7-4C8F-4F94-B966-564FEA83E23F}"
EndProject
Project("{2150E333-8FDC-42A3-9474-1A3956D46DE8}") = "Decisions", "Decisions", "{1BC67593-009B-4A9F-94DB-FB75BF555D17}"
EndProject
Project("{FAE04EC0-301F-11D3-BF4B-00C04F79EFBC}") = "Acmp.Modules.Decisions.Domain", "src\Modules\Decisions\Decisions.Domain\Acmp.Modules.Decisions.Domain.csproj", "{12130397-8449-4392-A831-16CBE86B4B91}"
EndProject
Project("{FAE04EC0-301F-11D3-BF4B-00C04F79EFBC}") = "Acmp.Modules.Decisions.Application", "src\Modules\Decisions\Decisions.Application\Acmp.Modules.Decisions.Application.csproj", "{F2573DFE-7ED4-4111-9AE2-664E5F979B08}"
EndProject
Project("{FAE04EC0-301F-11D3-BF4B-00C04F79EFBC}") = "Acmp.Modules.Decisions.Infrastructure", "src\Modules\Decisions\Decisions.Infrastructure\Acmp.Modules.Decisions.Infrastructure.csproj", "{5C622C80-B9FF-4272-BA8A-F874E7FAA740}"
EndProject
Project("{2150E333-8FDC-42A3-9474-1A3956D46DE8}") = "Actions", "Actions", "{A7930118-226B-436F-939F-CA3A0E27F0F9}"
EndProject
Project("{FAE04EC0-301F-11D3-BF4B-00C04F79EFBC}") = "Acmp.Modules.Actions.Domain", "src\Modules\Actions\Actions.Domain\Acmp.Modules.Actions.Domain.csproj", "{C007C222-CF86-4AD2-81A1-137E4E9F8F87}"
EndProject
Project("{FAE04EC0-301F-11D3-BF4B-00C04F79EFBC}") = "Acmp.Modules.Actions.Application", "src\Modules\Actions\Actions.Application\Acmp.Modules.Actions.Application.csproj", "{2CB209D0-A0CD-42CD-9EBF-A7D589EC83B3}"
EndProject
Project("{FAE04EC0-301F-11D3-BF4B-00C04F79EFBC}") = "Acmp.Modules.Actions.Infrastructure", "src\Modules\Actions\Actions.Infrastructure\Acmp.Modules.Actions.Infrastructure.csproj", "{886D8B64-FF95-4A91-84CB-D02B4016B90F}"
EndProject
Project("{2150E333-8FDC-42A3-9474-1A3956D46DE8}") = "Risks", "Risks", "{5479E99B-7F97-42A7-8008-6F058E22C9A4}"
EndProject
Project("{FAE04EC0-301F-11D3-BF4B-00C04F79EFBC}") = "Acmp.Modules.Risks.Domain", "src\Modules\Risks\Risks.Domain\Acmp.Modules.Risks.Domain.csproj", "{FC2AA295-D9CA-4D48-BA1F-DCFD55D06902}"
EndProject
Project("{FAE04EC0-301F-11D3-BF4B-00C04F79EFBC}") = "Acmp.Modules.Risks.Application", "src\Modules\Risks\Risks.Application\Acmp.Modules.Risks.Application.csproj", "{6C9D8372-1BB1-4299-B950-3E84EE4B08EE}"
EndProject
Project("{FAE04EC0-301F-11D3-BF4B-00C04F79EFBC}") = "Acmp.Modules.Risks.Infrastructure", "src\Modules\Risks\Risks.Infrastructure\Acmp.Modules.Risks.Infrastructure.csproj", "{2E567F95-6BE6-413C-B7A8-283CDDD54A34}"
EndProject
Project("{2150E333-8FDC-42A3-9474-1A3956D46DE8}") = "Traceability", "Traceability", "{530D9A88-F37D-45D2-93D9-31E81A2E48A7}"
EndProject
Project("{FAE04EC0-301F-11D3-BF4B-00C04F79EFBC}") = "Acmp.Modules.Traceability.Domain", "src\Modules\Traceability\Traceability.Domain\Acmp.Modules.Traceability.Domain.csproj", "{42A3715D-F87D-48E5-9605-E5F58006A09E}"
EndProject
Project("{FAE04EC0-301F-11D3-BF4B-00C04F79EFBC}") = "Acmp.Modules.Traceability.Application", "src\Modules\Traceability\Traceability.Application\Acmp.Modules.Traceability.Application.csproj", "{AC284FD7-F564-4925-A4FA-9FE24902696C}"
EndProject
Project("{FAE04EC0-301F-11D3-BF4B-00C04F79EFBC}") = "Acmp.Modules.Traceability.Infrastructure", "src\Modules\Traceability\Traceability.Infrastructure\Acmp.Modules.Traceability.Infrastructure.csproj", "{941BEBBC-3E1F-47D6-94A5-FB56C20077B2}"
EndProject
Global
	GlobalSection(SolutionConfigurationPlatforms) = preSolution
		Debug|Any CPU = Debug|Any CPU
		Release|Any CPU = Release|Any CPU
	EndGlobalSection
	GlobalSection(SolutionProperties) = preSolution
		HideSolutionNode = FALSE
	EndGlobalSection
	GlobalSection(ProjectConfigurationPlatforms) = postSolution
		{9AFF7A98-692F-4D72-BEF2-9B6B29A91485}.Debug|Any CPU.ActiveCfg = Debug|Any CPU
		{9AFF7A98-692F-4D72-BEF2-9B6B29A91485}.Debug|Any CPU.Build.0 = Debug|Any CPU
		{9AFF7A98-692F-4D72-BEF2-9B6B29A91485}.Release|Any CPU.ActiveCfg = Release|Any CPU
		{9AFF7A98-692F-4D72-BEF2-9B6B29A91485}.Release|Any CPU.Build.0 = Release|Any CPU
		{84C750E3-F08A-4CAE-AF29-FAB6A1EEF674}.Debug|Any CPU.ActiveCfg = Debug|Any CPU
		{84C750E3-F08A-4CAE-AF29-FAB6A1EEF674}.Debug|Any CPU.Build.0 = Debug|Any CPU
		{84C750E3-F08A-4CAE-AF29-FAB6A1EEF674}.Release|Any CPU.ActiveCfg = Release|Any CPU
		{84C750E3-F08A-4CAE-AF29-FAB6A1EEF674}.Release|Any CPU.Build.0 = Release|Any CPU
		{C6CF0F6C-92D0-4134-A16D-CB69BC22E7FD}.Debug|Any CPU.ActiveCfg = Debug|Any CPU
		{C6CF0F6C-92D0-4134-A16D-CB69BC22E7FD}.Debug|Any CPU.Build.0 = Debug|Any CPU
		{C6CF0F6C-92D0-4134-A16D-CB69BC22E7FD}.Release|Any CPU.ActiveCfg = Release|Any CPU
		{C6CF0F6C-92D0-4134-A16D-CB69BC22E7FD}.Release|Any CPU.Build.0 = Release|Any CPU
		{4077CEC8-3508-45F5-9C73-7A8C8D3B4063}.Debug|Any CPU.ActiveCfg = Debug|Any CPU
		{4077CEC8-3508-45F5-9C73-7A8C8D3B4063}.Debug|Any CPU.Build.0 = Debug|Any CPU
		{4077CEC8-3508-45F5-9C73-7A8C8D3B4063}.Release|Any CPU.ActiveCfg = Release|Any CPU
		{4077CEC8-3508-45F5-9C73-7A8C8D3B4063}.Release|Any CPU.Build.0 = Release|Any CPU
		{01F1B07C-2231-4004-923F-D0D7E809BD2B}.Debug|Any CPU.ActiveCfg = Debug|Any CPU
		{01F1B07C-2231-4004-923F-D0D7E809BD2B}.Debug|Any CPU.Build.0 = Debug|Any CPU
		{01F1B07C-2231-4004-923F-D0D7E809BD2B}.Release|Any CPU.ActiveCfg = Release|Any CPU
		{01F1B07C-2231-4004-923F-D0D7E809BD2B}.Release|Any CPU.Build.0 = Release|Any CPU
		{BD87EC29-B2F1-4090-B064-D9A7335DDA87}.Debug|Any CPU.ActiveCfg = Debug|Any CPU
		{BD87EC29-B2F1-4090-B064-D9A7335DDA87}.Debug|Any CPU.Build.0 = Debug|Any CPU
		{BD87EC29-B2F1-4090-B064-D9A7335DDA87}.Release|Any CPU.ActiveCfg = Release|Any CPU
		{BD87EC29-B2F1-4090-B064-D9A7335DDA87}.Release|Any CPU.Build.0 = Release|Any CPU
		{C6890332-F3F4-4C17-B95F-E6687A53DEC6}.Debug|Any CPU.ActiveCfg = Debug|Any CPU
		{C6890332-F3F4-4C17-B95F-E6687A53DEC6}.Debug|Any CPU.Build.0 = Debug|Any CPU
		{C6890332-F3F4-4C17-B95F-E6687A53DEC6}.Release|Any CPU.ActiveCfg = Release|Any CPU
		{C6890332-F3F4-4C17-B95F-E6687A53DEC6}.Release|Any CPU.Build.0 = Release|Any CPU
		{E3A1E9BC-9AF8-4EC9-80A5-A0382E1BA89E}.Debug|Any CPU.ActiveCfg = Debug|Any CPU
		{E3A1E9BC-9AF8-4EC9-80A5-A0382E1BA89E}.Debug|Any CPU.Build.0 = Debug|Any CPU
		{E3A1E9BC-9AF8-4EC9-80A5-A0382E1BA89E}.Release|Any CPU.ActiveCfg = Release|Any CPU
		{E3A1E9BC-9AF8-4EC9-80A5-A0382E1BA89E}.Release|Any CPU.Build.0 = Release|Any CPU
		{C0345F91-C3BF-438B-84DF-D89301C3BDD2}.Debug|Any CPU.ActiveCfg = Debug|Any CPU
		{C0345F91-C3BF-438B-84DF-D89301C3BDD2}.Debug|Any CPU.Build.0 = Debug|Any CPU
		{C0345F91-C3BF-438B-84DF-D89301C3BDD2}.Release|Any CPU.ActiveCfg = Release|Any CPU
		{C0345F91-C3BF-438B-84DF-D89301C3BDD2}.Release|Any CPU.Build.0 = Release|Any CPU
		{EA3CE713-18C8-49CA-ACFA-05D538BECDD3}.Debug|Any CPU.ActiveCfg = Debug|Any CPU
		{EA3CE713-18C8-49CA-ACFA-05D538BECDD3}.Debug|Any CPU.Build.0 = Debug|Any CPU
		{EA3CE713-18C8-49CA-ACFA-05D538BECDD3}.Release|Any CPU.ActiveCfg = Release|Any CPU
		{EA3CE713-18C8-49CA-ACFA-05D538BECDD3}.Release|Any CPU.Build.0 = Release|Any CPU
		{149E8897-281F-494E-92F2-689D49A4A5F1}.Debug|Any CPU.ActiveCfg = Debug|Any CPU
		{149E8897-281F-494E-92F2-689D49A4A5F1}.Debug|Any CPU.Build.0 = Debug|Any CPU
		{149E8897-281F-494E-92F2-689D49A4A5F1}.Release|Any CPU.ActiveCfg = Release|Any CPU
		{149E8897-281F-494E-92F2-689D49A4A5F1}.Release|Any CPU.Build.0 = Release|Any CPU
		{B0C879BF-0F4C-4172-BE5B-2FEBBDE2E0F9}.Debug|Any CPU.ActiveCfg = Debug|Any CPU
		{B0C879BF-0F4C-4172-BE5B-2FEBBDE2E0F9}.Debug|Any CPU.Build.0 = Debug|Any CPU
		{B0C879BF-0F4C-4172-BE5B-2FEBBDE2E0F9}.Release|Any CPU.ActiveCfg = Release|Any CPU
		{B0C879BF-0F4C-4172-BE5B-2FEBBDE2E0F9}.Release|Any CPU.Build.0 = Release|Any CPU
		{D8F99133-E31E-49A8-B5D7-B44A8F9E2377}.Debug|Any CPU.ActiveCfg = Debug|Any CPU
		{D8F99133-E31E-49A8-B5D7-B44A8F9E2377}.Debug|Any CPU.Build.0 = Debug|Any CPU
		{D8F99133-E31E-49A8-B5D7-B44A8F9E2377}.Release|Any CPU.ActiveCfg = Release|Any CPU
		{D8F99133-E31E-49A8-B5D7-B44A8F9E2377}.Release|Any CPU.Build.0 = Release|Any CPU
		{9BEADA1C-BD79-4BFF-9E12-C41B77993482}.Debug|Any CPU.ActiveCfg = Debug|Any CPU
		{9BEADA1C-BD79-4BFF-9E12-C41B77993482}.Debug|Any CPU.Build.0 = Debug|Any CPU
		{9BEADA1C-BD79-4BFF-9E12-C41B77993482}.Release|Any CPU.ActiveCfg = Release|Any CPU
		{9BEADA1C-BD79-4BFF-9E12-C41B77993482}.Release|Any CPU.Build.0 = Release|Any CPU
		{7EDBC87C-8916-49DC-A12D-4589A1E293C0}.Debug|Any CPU.ActiveCfg = Debug|Any CPU
		{7EDBC87C-8916-49DC-A12D-4589A1E293C0}.Debug|Any CPU.Build.0 = Debug|Any CPU
		{7EDBC87C-8916-49DC-A12D-4589A1E293C0}.Release|Any CPU.ActiveCfg = Release|Any CPU
		{7EDBC87C-8916-49DC-A12D-4589A1E293C0}.Release|Any CPU.Build.0 = Release|Any CPU
		{4C509B82-A017-468A-9F73-32F6D9BDBB10}.Debug|Any CPU.ActiveCfg = Debug|Any CPU
		{4C509B82-A017-468A-9F73-32F6D9BDBB10}.Debug|Any CPU.Build.0 = Debug|Any CPU
		{4C509B82-A017-468A-9F73-32F6D9BDBB10}.Release|Any CPU.ActiveCfg = Release|Any CPU
		{4C509B82-A017-468A-9F73-32F6D9BDBB10}.Release|Any CPU.Build.0 = Release|Any CPU
		{12E55560-EE6C-4D89-8AD7-FFA5847D4AF4}.Debug|Any CPU.ActiveCfg = Debug|Any CPU
		{12E55560-EE6C-4D89-8AD7-FFA5847D4AF4}.Debug|Any CPU.Build.0 = Debug|Any CPU
		{12E55560-EE6C-4D89-8AD7-FFA5847D4AF4}.Release|Any CPU.ActiveCfg = Release|Any CPU
		{12E55560-EE6C-4D89-8AD7-FFA5847D4AF4}.Release|Any CPU.Build.0 = Release|Any CPU
		{CFD9DDE6-EC48-4EA6-82A6-32F27C1D91E8}.Debug|Any CPU.ActiveCfg = Debug|Any CPU
		{CFD9DDE6-EC48-4EA6-82A6-32F27C1D91E8}.Debug|Any CPU.Build.0 = Debug|Any CPU
		{CFD9DDE6-EC48-4EA6-82A6-32F27C1D91E8}.Release|Any CPU.ActiveCfg = Release|Any CPU
		{CFD9DDE6-EC48-4EA6-82A6-32F27C1D91E8}.Release|Any CPU.Build.0 = Release|Any CPU
		{2EE6C7E7-4C8F-4F94-B966-564FEA83E23F}.Debug|Any CPU.ActiveCfg = Debug|Any CPU
		{2EE6C7E7-4C8F-4F94-B966-564FEA83E23F}.Debug|Any CPU.Build.0 = Debug|Any CPU
		{2EE6C7E7-4C8F-4F94-B966-564FEA83E23F}.Release|Any CPU.ActiveCfg = Release|Any CPU
		{2EE6C7E7-4C8F-4F94-B966-564FEA83E23F}.Release|Any CPU.Build.0 = Release|Any CPU
		{12130397-8449-4392-A831-16CBE86B4B91}.Debug|Any CPU.ActiveCfg = Debug|Any CPU
		{12130397-8449-4392-A831-16CBE86B4B91}.Debug|Any CPU.Build.0 = Debug|Any CPU
		{12130397-8449-4392-A831-16CBE86B4B91}.Release|Any CPU.ActiveCfg = Release|Any CPU
		{12130397-8449-4392-A831-16CBE86B4B91}.Release|Any CPU.Build.0 = Release|Any CPU
		{F2573DFE-7ED4-4111-9AE2-664E5F979B08}.Debug|Any CPU.ActiveCfg = Debug|Any CPU
		{F2573DFE-7ED4-4111-9AE2-664E5F979B08}.Debug|Any CPU.Build.0 = Debug|Any CPU
		{F2573DFE-7ED4-4111-9AE2-664E5F979B08}.Release|Any CPU.ActiveCfg = Release|Any CPU
		{F2573DFE-7ED4-4111-9AE2-664E5F979B08}.Release|Any CPU.Build.0 = Release|Any CPU
		{5C622C80-B9FF-4272-BA8A-F874E7FAA740}.Debug|Any CPU.ActiveCfg = Debug|Any CPU
		{5C622C80-B9FF-4272-BA8A-F874E7FAA740}.Debug|Any CPU.Build.0 = Debug|Any CPU
		{5C622C80-B9FF-4272-BA8A-F874E7FAA740}.Release|Any CPU.ActiveCfg = Release|Any CPU
		{5C622C80-B9FF-4272-BA8A-F874E7FAA740}.Release|Any CPU.Build.0 = Release|Any CPU
		{C007C222-CF86-4AD2-81A1-137E4E9F8F87}.Debug|Any CPU.ActiveCfg = Debug|Any CPU
		{C007C222-CF86-4AD2-81A1-137E4E9F8F87}.Debug|Any CPU.Build.0 = Debug|Any CPU
		{C007C222-CF86-4AD2-81A1-137E4E9F8F87}.Release|Any CPU.ActiveCfg = Release|Any CPU
		{C007C222-CF86-4AD2-81A1-137E4E9F8F87}.Release|Any CPU.Build.0 = Release|Any CPU
		{2CB209D0-A0CD-42CD-9EBF-A7D589EC83B3}.Debug|Any CPU.ActiveCfg = Debug|Any CPU
		{2CB209D0-A0CD-42CD-9EBF-A7D589EC83B3}.Debug|Any CPU.Build.0 = Debug|Any CPU
		{2CB209D0-A0CD-42CD-9EBF-A7D589EC83B3}.Release|Any CPU.ActiveCfg = Release|Any CPU
		{2CB209D0-A0CD-42CD-9EBF-A7D589EC83B3}.Release|Any CPU.Build.0 = Release|Any CPU
		{886D8B64-FF95-4A91-84CB-D02B4016B90F}.Debug|Any CPU.ActiveCfg = Debug|Any CPU
		{886D8B64-FF95-4A91-84CB-D02B4016B90F}.Debug|Any CPU.Build.0 = Debug|Any CPU
		{886D8B64-FF95-4A91-84CB-D02B4016B90F}.Release|Any CPU.ActiveCfg = Release|Any CPU
		{886D8B64-FF95-4A91-84CB-D02B4016B90F}.Release|Any CPU.Build.0 = Release|Any CPU
		{FC2AA295-D9CA-4D48-BA1F-DCFD55D06902}.Debug|Any CPU.ActiveCfg = Debug|Any CPU
		{FC2AA295-D9CA-4D48-BA1F-DCFD55D06902}.Debug|Any CPU.Build.0 = Debug|Any CPU
		{FC2AA295-D9CA-4D48-BA1F-DCFD55D06902}.Release|Any CPU.ActiveCfg = Release|Any CPU
		{FC2AA295-D9CA-4D48-BA1F-DCFD55D06902}.Release|Any CPU.Build.0 = Release|Any CPU
		{6C9D8372-1BB1-4299-B950-3E84EE4B08EE}.Debug|Any CPU.ActiveCfg = Debug|Any CPU
		{6C9D8372-1BB1-4299-B950-3E84EE4B08EE}.Debug|Any CPU.Build.0 = Debug|Any CPU
		{6C9D8372-1BB1-4299-B950-3E84EE4B08EE}.Release|Any CPU.ActiveCfg = Release|Any CPU
		{6C9D8372-1BB1-4299-B950-3E84EE4B08EE}.Release|Any CPU.Build.0 = Release|Any CPU
		{2E567F95-6BE6-413C-B7A8-283CDDD54A34}.Debug|Any CPU.ActiveCfg = Debug|Any CPU
		{2E567F95-6BE6-413C-B7A8-283CDDD54A34}.Debug|Any CPU.Build.0 = Debug|Any CPU
		{2E567F95-6BE6-413C-B7A8-283CDDD54A34}.Release|Any CPU.ActiveCfg = Release|Any CPU
		{2E567F95-6BE6-413C-B7A8-283CDDD54A34}.Release|Any CPU.Build.0 = Release|Any CPU
		{42A3715D-F87D-48E5-9605-E5F58006A09E}.Debug|Any CPU.ActiveCfg = Debug|Any CPU
		{42A3715D-F87D-48E5-9605-E5F58006A09E}.Debug|Any CPU.Build.0 = Debug|Any CPU
		{42A3715D-F87D-48E5-9605-E5F58006A09E}.Release|Any CPU.ActiveCfg = Release|Any CPU
		{42A3715D-F87D-48E5-9605-E5F58006A09E}.Release|Any CPU.Build.0 = Release|Any CPU
		{AC284FD7-F564-4925-A4FA-9FE24902696C}.Debug|Any CPU.ActiveCfg = Debug|Any CPU
		{AC284FD7-F564-4925-A4FA-9FE24902696C}.Debug|Any CPU.Build.0 = Debug|Any CPU
		{AC284FD7-F564-4925-A4FA-9FE24902696C}.Release|Any CPU.ActiveCfg = Release|Any CPU
		{AC284FD7-F564-4925-A4FA-9FE24902696C}.Release|Any CPU.Build.0 = Release|Any CPU
		{941BEBBC-3E1F-47D6-94A5-FB56C20077B2}.Debug|Any CPU.ActiveCfg = Debug|Any CPU
		{941BEBBC-3E1F-47D6-94A5-FB56C20077B2}.Debug|Any CPU.Build.0 = Debug|Any CPU
		{941BEBBC-3E1F-47D6-94A5-FB56C20077B2}.Release|Any CPU.ActiveCfg = Release|Any CPU
		{941BEBBC-3E1F-47D6-94A5-FB56C20077B2}.Release|Any CPU.Build.0 = Release|Any CPU
	EndGlobalSection
	GlobalSection(NestedProjects) = preSolution
		{116B21B8-2E5B-403D-AF2A-B7C5A3699ACB} = {ACEAF987-769F-4821-877C-AB0580F265DB}
		{9AFF7A98-692F-4D72-BEF2-9B6B29A91485} = {116B21B8-2E5B-403D-AF2A-B7C5A3699ACB}
		{F7D11363-72BC-4081-96DA-6DD9C65235F2} = {ACEAF987-769F-4821-877C-AB0580F265DB}
		{045C26C7-D57D-4B1F-9B85-67FEE263E7BE} = {F7D11363-72BC-4081-96DA-6DD9C65235F2}
		{84C750E3-F08A-4CAE-AF29-FAB6A1EEF674} = {045C26C7-D57D-4B1F-9B85-67FEE263E7BE}
		{C6CF0F6C-92D0-4134-A16D-CB69BC22E7FD} = {045C26C7-D57D-4B1F-9B85-67FEE263E7BE}
		{4077CEC8-3508-45F5-9C73-7A8C8D3B4063} = {045C26C7-D57D-4B1F-9B85-67FEE263E7BE}
		{01F1B07C-2231-4004-923F-D0D7E809BD2B} = {ACEAF987-769F-4821-877C-AB0580F265DB}
		{BD87EC29-B2F1-4090-B064-D9A7335DDA87} = {A72BA724-561E-455A-ACEB-006695114CE9}
		{C6890332-F3F4-4C17-B95F-E6687A53DEC6} = {A72BA724-561E-455A-ACEB-006695114CE9}
		{E3A1E9BC-9AF8-4EC9-80A5-A0382E1BA89E} = {A72BA724-561E-455A-ACEB-006695114CE9}
		{C0345F91-C3BF-438B-84DF-D89301C3BDD2} = {A72BA724-561E-455A-ACEB-006695114CE9}
		{7084FE80-F287-4D0E-A463-E79E993505EB} = {F7D11363-72BC-4081-96DA-6DD9C65235F2}
		{EA3CE713-18C8-49CA-ACFA-05D538BECDD3} = {7084FE80-F287-4D0E-A463-E79E993505EB}
		{149E8897-281F-494E-92F2-689D49A4A5F1} = {7084FE80-F287-4D0E-A463-E79E993505EB}
		{B0C879BF-0F4C-4172-BE5B-2FEBBDE2E0F9} = {7084FE80-F287-4D0E-A463-E79E993505EB}
		{D8F99133-E31E-49A8-B5D7-B44A8F9E2377} = {32623C58-DEB3-4BF3-AF49-9D5A2891E9A2}
		{9BEADA1C-BD79-4BFF-9E12-C41B77993482} = {32623C58-DEB3-4BF3-AF49-9D5A2891E9A2}
		{7EDBC87C-8916-49DC-A12D-4589A1E293C0} = {32623C58-DEB3-4BF3-AF49-9D5A2891E9A2}
		{AE1ADAC5-5B75-4289-BAB2-853C560FE196} = {F7D11363-72BC-4081-96DA-6DD9C65235F2}
		{4C509B82-A017-468A-9F73-32F6D9BDBB10} = {AE1ADAC5-5B75-4289-BAB2-853C560FE196}
		{12E55560-EE6C-4D89-8AD7-FFA5847D4AF4} = {AE1ADAC5-5B75-4289-BAB2-853C560FE196}
		{CFD9DDE6-EC48-4EA6-82A6-32F27C1D91E8} = {AE1ADAC5-5B75-4289-BAB2-853C560FE196}
		{2EE6C7E7-4C8F-4F94-B966-564FEA83E23F} = {A72BA724-561E-455A-ACEB-006695114CE9}
		{1BC67593-009B-4A9F-94DB-FB75BF555D17} = {F7D11363-72BC-4081-96DA-6DD9C65235F2}
		{12130397-8449-4392-A831-16CBE86B4B91} = {1BC67593-009B-4A9F-94DB-FB75BF555D17}
		{F2573DFE-7ED4-4111-9AE2-664E5F979B08} = {1BC67593-009B-4A9F-94DB-FB75BF555D17}
		{5C622C80-B9FF-4272-BA8A-F874E7FAA740} = {1BC67593-009B-4A9F-94DB-FB75BF555D17}
		{A7930118-226B-436F-939F-CA3A0E27F0F9} = {F7D11363-72BC-4081-96DA-6DD9C65235F2}
		{C007C222-CF86-4AD2-81A1-137E4E9F8F87} = {A7930118-226B-436F-939F-CA3A0E27F0F9}
		{2CB209D0-A0CD-42CD-9EBF-A7D589EC83B3} = {A7930118-226B-436F-939F-CA3A0E27F0F9}
		{886D8B64-FF95-4A91-84CB-D02B4016B90F} = {A7930118-226B-436F-939F-CA3A0E27F0F9}
		{5479E99B-7F97-42A7-8008-6F058E22C9A4} = {F7D11363-72BC-4081-96DA-6DD9C65235F2}
		{FC2AA295-D9CA-4D48-BA1F-DCFD55D06902} = {5479E99B-7F97-42A7-8008-6F058E22C9A4}
		{6C9D8372-1BB1-4299-B950-3E84EE4B08EE} = {5479E99B-7F97-42A7-8008-6F058E22C9A4}
		{2E567F95-6BE6-413C-B7A8-283CDDD54A34} = {5479E99B-7F97-42A7-8008-6F058E22C9A4}
		{530D9A88-F37D-45D2-93D9-31E81A2E48A7} = {F7D11363-72BC-4081-96DA-6DD9C65235F2}
		{42A3715D-F87D-48E5-9605-E5F58006A09E} = {530D9A88-F37D-45D2-93D9-31E81A2E48A7}
		{AC284FD7-F564-4925-A4FA-9FE24902696C} = {530D9A88-F37D-45D2-93D9-31E81A2E48A7}
		{941BEBBC-3E1F-47D6-94A5-FB56C20077B2} = {530D9A88-F37D-45D2-93D9-31E81A2E48A7}
	EndGlobalSection
EndGlobal
