
Microsoft Visual Studio Solution File, Format Version 12.00
# Visual Studio Version 17
VisualStudioVersion = 17.0.31903.59
MinimumVisualStudioVersion = 10.0.40219.1
Project("{2150E333-8FDC-42A3-9474-1A3956D46DE8}") = "src", "src", "{ACEAF987-769F-4821-877C-AB0580F265DB}"
EndProject
Project("{2150E333-8FDC-42A3-9474-1A3956D46DE8}") = "BuildingBlocks", "BuildingBlocks", "{116B21B8-2E5B-403D-AF2A-B7C5A3699ACB}"
EndProject
Project("{FAE04EC0-301F-11D3-BF4B-00C04F79EFBC}") = "Acmp.Shared", "src\BuildingBlocks\Acmp.Shared\Acmp.Shared.csproj", "{9AFF7A98-692F-4D72-BEF2-9B6B29A91485}"
EndProject
Project("{2150E333-8FDC-42A3-9474-1A3956D46DE8}") = "Modules", "Modules", "{F7D11363-72BC-4081-96DA-6DD9C65235F2}"
EndProject
Project("{2150E333-8FDC-42A3-9474-1A3956D46DE8}") = "Membership", "Membership", "{045C26C7-D57D-4B1F-9B85-67FEE263E7BE}"
EndProject
Project("{FAE04EC0-301F-11D3-BF4B-00C04F79EFBC}") = "Acmp.Modules.Membership.Domain", "src\Modules\Membership\Membership.Domain\Acmp.Modules.Membership.Domain.csproj", "{84C750E3-F08A-4CAE-AF29-FAB6A1EEF674}"
EndProject
Project("{FAE04EC0-301F-11D3-BF4B-00C04F79EFBC}") = "Acmp.Modules.Membership.Application", "src\Modules\Membership\Membership.Application\Acmp.Modules.Membership.Application.csproj", "{C6CF0F6C-92D0-4134-A16D-CB69BC22E7FD}"
EndProject
Project("{FAE04EC0-301F-11D3-BF4B-00C04F79EFBC}") = "Acmp.Modules.Membership.Infrastructure", "src\Modules\Membership\Membership.Infrastructure\Acmp.Modules.Membership.Infrastructure.csproj", "{4077CEC8-3508-45F5-9C73-7A8C8D3B4063}"
EndProject
Project("{FAE04EC0-301F-11D3-BF4B-00C04F79EFBC}") = "Acmp.Api", "src\Acmp.Api\Acmp.Api.csproj", "{01F1B07C-2231-4004-923F-D0D7E809BD2B}"
EndProject
Project("{2150E333-8FDC-42A3-9474-1A3956D46DE8}") = "tests", "tests", "{A72BA724-561E-455A-ACEB-006695114CE9}"
EndProject
Project("{FAE04EC0-301F-11D3-BF4B-00C04F79EFBC}") = "Acmp.Architecture.Tests", "tests\Acmp.Architecture.Tests\Acmp.Architecture.Tests.csproj", "{BD87EC29-B2F1-4090-B064-D9A7335DDA87}"
EndProject
Project("{FAE04EC0-301F-11D3-BF4B-00C04F79EFBC}") = "Acmp.Domain.Tests", "tests\Acmp.Domain.Tests\Acmp.Domain.Tests.csproj", "{C6890332-F3F4-4C17-B95F-E6687A53DEC6}"
EndProject
Project("{FAE04EC0-301F-11D3-BF4B-00C04F79EFBC}") = "Acmp.Application.Tests", "tests\Acmp.Application.Tests\Acmp.Application.Tests.csproj", "{E3A1E9BC-9AF8-4EC9-80A5-A0382E1BA89E}"
EndProject
Project("{FAE04EC0-301F-11D3-BF4B-00C04F79EFBC}") = "Acmp.Api.Tests", "tests\Acmp.Api.Tests\Acmp.Api.Tests.csproj", "{C0345F91-C3BF-438B-84DF-D89301C3BDD2}"
EndProject
Project("{2150E333-8FDC-42A3-9474-1A3956D46DE8}") = "Topics", "Topics", "{7084FE80-F287-4D0E-A463-E79E993505EB}"
EndProject
Project("{FAE04EC0-301F-11D3-BF4B-00C04F79EFBC}") = "Acmp.Modules.Topics.Domain", "src\Modules\Topics\Topics.Domain\Acmp.Modules.Topics.Domain.csproj", "{EA3CE713-18C8-49CA-ACFA-05D538BECDD3}"
EndProject
Project("{FAE04EC0-301F-11D3-BF4B-00C04F79EFBC}") = "Acmp.Modules.Topics.Application", "src\Modules\Topics\Topics.Application\Acmp.Modules.Topics.Application.csproj", "{149E8897-281F-494E-92F2-689D49A4A5F1}"
EndProject
Project("{FAE04EC0-301F-11D3-BF4B-00C04F79EFBC}") = "Acmp.Modules.Topics.Infrastructure", "src\Modules\Topics\Topics.Infrastructure\Acmp.Modules.Topics.Infrastructure.csproj", "{B0C879BF-0F4C-4172-BE5B-2FEBBDE2E0F9}"
EndProject
Project("{2150E333-8FDC-42A3-9474-1A3956D46DE8}") = "Meetings", "Meetings", "{32623C58-DEB3-4BF3-AF49-9D5A2891E9A2}"
EndProject
Project("{FAE04EC0-301F-11D3-BF4B-00C04F79EFBC}") = "Acmp.Modules.Meetings.Domain", "src\Modules\Meetings\Meetings.Domain\Acmp.Modules.Meetings.Domain.csproj", "{D8F99133-E31E-49A8-B5D7-B44A8F9E2377}"
EndProject
Project("{FAE04EC0-301F-11D3-BF4B-00C04F79EFBC}") = "Acmp.Modules.Meetings.Application", "src\Modules\Meetings\Meetings.Application\Acmp.Modules.Meetings.Application.csproj", "{9BEADA1C-BD79-4BFF-9E12-C41B77993482}"
EndProject
Project("{FAE04EC0-301F-11D3-BF4B-00C04F79EFBC}") = "Acmp.Modules.Meetings.Infrastructure", "src\Modules\Meetings\Meetings.Infrastructure\Acmp.Modules.Meetings.Infrastructure.csproj", "{7EDBC87C-8916-49DC-A12D-4589A1E293C0}"
EndProject
Global
	GlobalSection(SolutionConfigurationPlatforms) = preSolution
		Debug|Any CPU = Debug|Any CPU
		Release|Any CPU = Release|Any CPU
	EndGlobalSection
	GlobalSection(SolutionProperties) = preSolution
		HideSolutionNode = FALSE
	EndGlobalSection
	GlobalSection(ProjectConfigurationPlatforms) = postSolution
		{9AFF7A98-692F-4D72-BEF2-9B6B29A91485}.Debug|Any CPU.ActiveCfg = Debug|Any CPU
		{9AFF7A98-692F-4D72-BEF2-9B6B29A91485}.Debug|Any CPU.Build.0 = Debug|Any CPU
		{9AFF7A98-692F-4D72-BEF2-9B6B29A91485}.Release|Any CPU.ActiveCfg = Release|Any CPU
		{9AFF7A98-692F-4D72-BEF2-9B6B29A91485}.Release|Any CPU.Build.0 = Release|Any CPU
		{84C750E3-F08A-4CAE-AF29-FAB6A1EEF674}.Debug|Any CPU.ActiveCfg = Debug|Any CPU
		{84C750E3-F08A-4CAE-AF29-FAB6A1EEF674}.Debug|Any CPU.Build.0 = Debug|Any CPU
		{84C750E3-F08A-4CAE-AF29-FAB6A1EEF674}.Release|Any CPU.ActiveCfg = Release|Any CPU
		{84C750E3-F08A-4CAE-AF29-FAB6A1EEF674}.Release|Any CPU.Build.0 = Release|Any CPU
		{C6CF0F6C-92D0-4134-A16D-CB69BC22E7FD}.Debug|Any CPU.ActiveCfg = Debug|Any CPU
		{C6CF0F6C-92D0-4134-A16D-CB69BC22E7FD}.Debug|Any CPU.Build.0 = Debug|Any CPU
		{C6CF0F6C-92D0-4134-A16D-CB69BC22E7FD}.Release|Any CPU.ActiveCfg = Release|Any CPU
		{C6CF0F6C-92D0-4134-A16D-CB69BC22E7FD}.Release|Any CPU.Build.0 = Release|Any CPU
		{4077CEC8-3508-45F5-9C73-7A8C8D3B4063}.Debug|Any CPU.ActiveCfg = Debug|Any CPU
		{4077CEC8-3508-45F5-9C73-7A8C8D3B4063}.Debug|Any CPU.Build.0 = Debug|Any CPU
		{4077CEC8-3508-45F5-9C73-7A8C8D3B4063}.Release|Any CPU.ActiveCfg = Release|Any CPU
		{4077CEC8-3508-45F5-9C73-7A8C8D3B4063}.Release|Any CPU.Build.0 = Release|Any CPU
		{01F1B07C-2231-4004-923F-D0D7E809BD2B}.Debug|Any CPU.ActiveCfg = Debug|Any CPU
		{01F1B07C-2231-4004-923F-D0D7E809BD2B}.Debug|Any CPU.Build.0 = Debug|Any CPU
		{01F1B07C-2231-4004-923F-D0D7E809BD2B}.Release|Any CPU.ActiveCfg = Release|Any CPU
		{01F1B07C-2231-4004-923F-D0D7E809BD2B}.Release|Any CPU.Build.0 = Release|Any CPU
		{BD87EC29-B2F1-4090-B064-D9A7335DDA87}.Debug|Any CPU.ActiveCfg = Debug|Any CPU
		{BD87EC29-B2F1-4090-B064-D9A7335DDA87}.Debug|Any CPU.Build.0 = Debug|Any CPU
		{BD87EC29-B2F1-4090-B064-D9A7335DDA87}.Release|Any CPU.ActiveCfg = Release|Any CPU
		{BD87EC29-B2F1-4090-B064-D9A7335DDA87}.Release|Any CPU.Build.0 = Release|Any CPU
		{C6890332-F3F4-4C17-B95F-E6687A53DEC6}.Debug|Any CPU.ActiveCfg = Debug|Any CPU
		{C6890332-F3F4-4C17-B95F-E6687A53DEC6}.Debug|Any CPU.Build.0 = Debug|Any CPU
		{C6890332-F3F4-4C17-B95F-E6687A53DEC6}.Release|Any CPU.ActiveCfg = Release|Any CPU
		{C6890332-F3F4-4C17-B95F-E6687A53DEC6}.Release|Any CPU.Build.0 = Release|Any CPU
		{E3A1E9BC-9AF8-4EC9-80A5-A0382E1BA89E}.Debug|Any CPU.ActiveCfg = Debug|Any CPU
		{E3A1E9BC-9AF8-4EC9-80A5-A0382E1BA89E}.Debug|Any CPU.Build.0 = Debug|Any CPU
		{E3A1E9BC-9AF8-4EC9-80A5-A0382E1BA89E}.Release|Any CPU.ActiveCfg = Release|Any CPU
		{E3A1E9BC-9AF8-4EC9-80A5-A0382E1BA89E}.Release|Any CPU.Build.0 = Release|Any CPU
		{C0345F91-C3BF-438B-84DF-D89301C3BDD2}.Debug|Any CPU.ActiveCfg = Debug|Any CPU
		{C0345F91-C3BF-438B-84DF-D89301C3BDD2}.Debug|Any CPU.Build.0 = Debug|Any CPU
		{C0345F91-C3BF-438B-84DF-D89301C3BDD2}.Release|Any CPU.ActiveCfg = Release|Any CPU
		{C0345F91-C3BF-438B-84DF-D89301C3BDD2}.Release|Any CPU.Build.0 = Release|Any CPU
		{EA3CE713-18C8-49CA-ACFA-05D538BECDD3}.Debug|Any CPU.ActiveCfg = Debug|Any CPU
		{EA3CE713-18C8-49CA-ACFA-05D538BECDD3}.Debug|Any CPU.Build.0 = Debug|Any CPU
		{EA3CE713-18C8-49CA-ACFA-05D538BECDD3}.Release|Any CPU.ActiveCfg = Release|Any CPU
		{EA3CE713-18C8-49CA-ACFA-05D538BECDD3}.Release|Any CPU.Build.0 = Release|Any CPU
		{149E8897-281F-494E-92F2-689D49A4A5F1}.Debug|Any CPU.ActiveCfg = Debug|Any CPU
		{149E8897-281F-494E-92F2-689D49A4A5F1}.Debug|Any CPU.Build.0 = Debug|Any CPU
		{149E8897-281F-494E-92F2-689D49A4A5F1}.Release|Any CPU.ActiveCfg = Release|Any CPU
		{149E8897-281F-494E-92F2-689D49A4A5F1}.Release|Any CPU.Build.0 = Release|Any CPU
		{B0C879BF-0F4C-4172-BE5B-2FEBBDE2E0F9}.Debug|Any CPU.ActiveCfg = Debug|Any CPU
		{B0C879BF-0F4C-4172-BE5B-2FEBBDE2E0F9}.Debug|Any CPU.Build.0 = Debug|Any CPU
		{B0C879BF-0F4C-4172-BE5B-2FEBBDE2E0F9}.Release|Any CPU.ActiveCfg = Release|Any CPU
		{B0C879BF-0F4C-4172-BE5B-2FEBBDE2E0F9}.Release|Any CPU.Build.0 = Release|Any CPU
		{D8F99133-E31E-49A8-B5D7-B44A8F9E2377}.Debug|Any CPU.ActiveCfg = Debug|Any CPU
		{D8F99133-E31E-49A8-B5D7-B44A8F9E2377}.Debug|Any CPU.Build.0 = Debug|Any CPU
		{D8F99133-E31E-49A8-B5D7-B44A8F9E2377}.Release|Any CPU.ActiveCfg = Release|Any CPU
		{D8F99133-E31E-49A8-B5D7-B44A8F9E2377}.Release|Any CPU.Build.0 = Release|Any CPU
		{9BEADA1C-BD79-4BFF-9E12-C41B77993482}.Debug|Any CPU.ActiveCfg = Debug|Any CPU
		{9BEADA1C-BD79-4BFF-9E12-C41B77993482}.Debug|Any CPU.Build.0 = Debug|Any CPU
		{9BEADA1C-BD79-4BFF-9E12-C41B77993482}.Release|Any CPU.ActiveCfg = Release|Any CPU
		{9BEADA1C-BD79-4BFF-9E12-C41B77993482}.Release|Any CPU.Build.0 = Release|Any CPU
		{7EDBC87C-8916-49DC-A12D-4589A1E293C0}.Debug|Any CPU.ActiveCfg = Debug|Any CPU
		{7EDBC87C-8916-49DC-A12D-4589A1E293C0}.Debug|Any CPU.Build.0 = Debug|Any CPU
		{7EDBC87C-8916-49DC-A12D-4589A1E293C0}.Release|Any CPU.ActiveCfg = Release|Any CPU
		{7EDBC87C-8916-49DC-A12D-4589A1E293C0}.Release|Any CPU.Build.0 = Release|Any CPU
	EndGlobalSection
	GlobalSection(NestedProjects) = preSolution
		{116B21B8-2E5B-403D-AF2A-B7C5A3699ACB} = {ACEAF987-769F-4821-877C-AB0580F265DB}
		{9AFF7A98-692F-4D72-BEF2-9B6B29A91485} = {116B21B8-2E5B-403D-AF2A-B7C5A3699ACB}
		{F7D11363-72BC-4081-96DA-6DD9C65235F2} = {ACEAF987-769F-4821-877C-AB0580F265DB}
		{045C26C7-D57D-4B1F-9B85-67FEE263E7BE} = {F7D11363-72BC-4081-96DA-6DD9C65235F2}
		{84C750E3-F08A-4CAE-AF29-FAB6A1EEF674} = {045C26C7-D57D-4B1F-9B85-67FEE263E7BE}
		{C6CF0F6C-92D0-4134-A16D-CB69BC22E7FD} = {045C26C7-D57D-4B1F-9B85-67FEE263E7BE}
		{4077CEC8-3508-45F5-9C73-7A8C8D3B4063} = {045C26C7-D57D-4B1F-9B85-67FEE263E7BE}
		{01F1B07C-2231-4004-923F-D0D7E809BD2B} = {ACEAF987-769F-4821-877C-AB0580F265DB}
		{BD87EC29-B2F1-4090-B064-D9A7335DDA87} = {A72BA724-561E-455A-ACEB-006695114CE9}
		{C6890332-F3F4-4C17-B95F-E6687A53DEC6} = {A72BA724-561E-455A-ACEB-006695114CE9}
		{E3A1E9BC-9AF8-4EC9-80A5-A0382E1BA89E} = {A72BA724-561E-455A-ACEB-006695114CE9}
		{C0345F91-C3BF-438B-84DF-D89301C3BDD2} = {A72BA724-561E-455A-ACEB-006695114CE9}
		{7084FE80-F287-4D0E-A463-E79E993505EB} = {F7D11363-72BC-4081-96DA-6DD9C65235F2}
		{EA3CE713-18C8-49CA-ACFA-05D538BECDD3} = {7084FE80-F287-4D0E-A463-E79E993505EB}
		{149E8897-281F-494E-92F2-689D49A4A5F1} = {7084FE80-F287-4D0E-A463-E79E993505EB}
		{B0C879BF-0F4C-4172-BE5B-2FEBBDE2E0F9} = {7084FE80-F287-4D0E-A463-E79E993505EB}
		{D8F99133-E31E-49A8-B5D7-B44A8F9E2377} = {32623C58-DEB3-4BF3-AF49-9D5A2891E9A2}
		{9BEADA1C-BD79-4BFF-9E12-C41B77993482} = {32623C58-DEB3-4BF3-AF49-9D5A2891E9A2}
		{7EDBC87C-8916-49DC-A12D-4589A1E293C0} = {32623C58-DEB3-4BF3-AF49-9D5A2891E9A2}
	EndGlobalSection
EndGlobal
